
Microsoft Visual Studio Solution File, Format Version 12.00
# Visual Studio Version 17
VisualStudioVersion = 17.2.32519.379
MinimumVisualStudioVersion = 10.0.40219.1
Project("{FAE04EC0-301F-11D3-BF4B-00C04F79EFBC}") = "01-HelloWorld", "01-HelloWorld\01-HelloWorld.csproj", "{A76DCC82-1C1E-46C5-BB83-91EFC04841B3}"
EndProject
Project("{FAE04EC0-301F-11D3-BF4B-00C04F79EFBC}") = "02-Variables", "02-Variables\02-Variables.csproj", "{42DEB24D-4031-46C6-B07E-84DE1DA0ABCC}"
EndProject
Project("{FAE04EC0-301F-11D3-BF4B-00C04F79EFBC}") = "03-DataTypes", "03-Variables2\03-DataTypes.csproj", "{3878B6FA-BDF4-4DD9-9BA6-E92C72085913}"
EndProject
Project("{FAE04EC0-301F-11D3-BF4B-00C04F79EFBC}") = "04-MoreVariables", "04-Variables3\04-MoreVariables.csproj", "{5BABBEB2-49FF-4FF5-8022-D3E131749DC2}"
EndProject
Project("{FAE04EC0-301F-11D3-BF4B-00C04F79EFBC}") = "05-Input", "05-Input\05-Input.csproj", "{84195E8C-C6F1-4419-A576-E6DC33EAE708}"
EndProject
Project("{FAE04EC0-301F-11D3-BF4B-00C04F79EFBC}") = "06-NumberOperations", "06-NumberOperations\06-NumberOperations.csproj", "{937391C5-92C9-4B17-BBCF-D80E1E97A776}"
EndProject
Project("{FAE04EC0-301F-11D3-BF4B-00C04F79EFBC}") = "07-CommonProblems", "07-CommonProblems\07-CommonProblems.csproj", "{645DD0C5-B670-4C8F-8EEC-D18A72B47234}"
EndProject
Project("{FAE04EC0-301F-11D3-BF4B-00C04F79EFBC}") = "08-Selection", "08-Selection\08-Selection.csproj", "{6BB1BB3D-FECC-482D-B610-21E9AC7EA793}"
EndProject
Project("{FAE04EC0-301F-11D3-BF4B-00C04F79EFBC}") = "09-PickADoor", "09-PickADoor\09-PickADoor.csproj", "{413F0984-B043-4647-9D04-F9B23D6BCA91}"
EndProject
Project("{FAE04EC0-301F-11D3-BF4B-00C04F79EFBC}") = "10-NumberOperations2", "10-NumberOperations2\10-NumberOperations2.csproj", "{A5867D8D-17B1-48BF-BD93-D343A8CBCAAA}"
EndProject
Project("{FAE04EC0-301F-11D3-BF4B-00C04F79EFBC}") = "11-AreaCalculator", "11-AreaCalculator\11-AreaCalculator.csproj", "{933ED1B0-B430-476E-B6D4-D2994FB7DFA0}"
EndProject
Project("{FAE04EC0-301F-11D3-BF4B-00C04F79EFBC}") = "12-BetterAreaCalculator", "12-BetterAreaCalculator\12-BetterAreaCalculator.csproj", "{4B9E868C-34C6-4303-8563-B890B9CE48EE}"
EndProject
Project("{FAE04EC0-301F-11D3-BF4B-00C04F79EFBC}") = "13-Methods", "13-Subroutines\13-Methods.csproj", "{15EDABA1-5735-4B26-9DAC-68CB89828549}"
EndProject
Project("{FAE04EC0-301F-11D3-BF4B-00C04F79EFBC}") = "14-Parameters", "14-Parameters\14-Parameters.csproj", "{B8C47301-0103-42ED-8370-F8FAAF46DB24}"
EndProject
Project("{FAE04EC0-301F-11D3-BF4B-00C04F79EFBC}") = "15-Functions", "15-Functions\15-Functions.csproj", "{C8D36737-FAB3-48A4-B34B-4D8671040E62}"
EndProject
Project("{FAE04EC0-301F-11D3-BF4B-00C04F79EFBC}") = "16-DistanceConversion", "16-DistanceConversion\16-DistanceConversion.csproj", "{DEEE4B4A-7F62-45E4-A5DD-3CDE0CF606EB}"
EndProject
Project("{FAE04EC0-301F-11D3-BF4B-00C04F79EFBC}") = "17-TemperatureConversion", "17-TemperatureConversion\17-TemperatureConversion.csproj", "{22ED4A2B-530E-4BE6-90DD-7CC9B426CB3B}"
EndProject
Project("{FAE04EC0-301F-11D3-BF4B-00C04F79EFBC}") = "18-ForLoops", "18-ForLoops\18-ForLoops.csproj", "{9464339E-E473-41D1-9EC8-B4647775AA04}"
EndProject
Project("{FAE04EC0-301F-11D3-BF4B-00C04F79EFBC}") = "19-ForLoops2", "19-ForLoops2\19-ForLoops2.csproj", "{19E99E81-F009-4C0F-8F83-CE8556F349B7}"
EndProject
Project("{FAE04EC0-301F-11D3-BF4B-00C04F79EFBC}") = "20-FizzBuzz", "20-FizzBuzz\20-FizzBuzz.csproj", "{D2253546-3926-41EA-AD2D-B99CD64DFF4D}"
EndProject
Project("{FAE04EC0-301F-11D3-BF4B-00C04F79EFBC}") = "21-WhileLoops", "21-WhileLoops\21-WhileLoops.csproj", "{2B647C06-149F-4707-8585-C0D00FABDA3C}"
EndProject
Project("{FAE04EC0-301F-11D3-BF4B-00C04F79EFBC}") = "22-EvenBetterAreaCalculator", "22-EvenBetterAreaCalculator\22-EvenBetterAreaCalculator.csproj", "{6434EF65-ECB5-42E2-8E87-DFE12CF791EA}"
EndProject
Project("{FAE04EC0-301F-11D3-BF4B-00C04F79EFBC}") = "23-NestedLoops", "23-NestedLoops\23-NestedLoops.csproj", "{45BE8F93-8734-478D-95FA-299704BA537E}"
EndProject
Project("{FAE04EC0-301F-11D3-BF4B-00C04F79EFBC}") = "24-Pyramid", "24-Pyramid\24-Pyramid.csproj", "{36D69EF2-5CD9-4BF8-BF89-9832B2EC47D6}"
EndProject
Project("{FAE04EC0-301F-11D3-BF4B-00C04F79EFBC}") = "25-GuessMyNumber", "25-GuessMyNumber\25-GuessMyNumber.csproj", "{288FBFD5-5AC3-4D33-A6B9-FA7DDE81686C}"
EndProject
Project("{FAE04EC0-301F-11D3-BF4B-00C04F79EFBC}") = "26-RockPaperScissors", "26-RockPaperScissors\26-RockPaperScissors.csproj", "{E72103F8-95A4-4CB6-8360-D642EDEC8920}"
EndProject
Project("{FAE04EC0-301F-11D3-BF4B-00C04F79EFBC}") = "27-Arrays", "27-Arrays\27-Arrays.csproj", "{C67A6BF6-23FF-4CF1-80E3-146A1959CA4B}"
EndProject
Project("{FAE04EC0-301F-11D3-BF4B-00C04F79EFBC}") = "28-RandomNumbers", "28-Random\28-RandomNumbers.csproj", "{415B7DAA-4236-4092-B5F8-820A4176B40A}"
EndProject
Project("{FAE04EC0-301F-11D3-BF4B-00C04F79EFBC}") = "29-Magic8Ball", "29-Magic8Ball\29-Magic8Ball.csproj", "{E2462D8D-3F3A-4738-BEED-0E91430AFD60}"
EndProject
Project("{FAE04EC0-301F-11D3-BF4B-00C04F79EFBC}") = "30-InsultGenerator", "30-InsultGenerator\30-InsultGenerator.csproj", "{AB9CB390-5B81-44EB-B264-748F05701076}"
EndProject
Project("{FAE04EC0-301F-11D3-BF4B-00C04F79EFBC}") = "31-BabyBlackJack", "31-BabyBlackJack\31-BabyBlackJack.csproj", "{A84B9C84-453E-437D-80CA-BFAFAE80562D}"
EndProject
Project("{FAE04EC0-301F-11D3-BF4B-00C04F79EFBC}") = "32-Classes", "32-Classes\32-Classes.csproj", "{02BB66DF-9953-4884-871F-BD0BEE730BD5}"
EndProject
Project("{FAE04EC0-301F-11D3-BF4B-00C04F79EFBC}") = "33-ContactsList", "33-ContactsList\33-ContactsList.csproj", "{AB10F986-0CB8-4546-84BB-77E6AC717DBF}"
EndProject
Project("{FAE04EC0-301F-11D3-BF4B-00C04F79EFBC}") = "34-Quiz", "34-Quiz\34-Quiz.csproj", "{756EC169-862C-4E6A-AACA-26A1F4C7BD30}"
EndProject
Project("{FAE04EC0-301F-11D3-BF4B-00C04F79EFBC}") = "35-APIs", "35-APIs\35-APIs.csproj", "{5E86C9E6-A981-4107-AEAF-8FC183329F87}"
EndProject
Project("{2150E333-8FDC-42A3-9474-1A3956D46DE8}") = "Solution Items", "Solution Items", "{07C4BFD5-47B5-4134-9AC5-31CC019330F0}"
EndProject
Project("{FAE04EC0-301F-11D3-BF4B-00C04F79EFBC}") = "36-Testing", "36-Testing\36-Testing.csproj", "{ACB17821-6644-43EA-8471-D1645CEB2E5F}"
EndProject
Global
	GlobalSection(SolutionConfigurationPlatforms) = preSolution
		Debug|Any CPU = Debug|Any CPU
		Release|Any CPU = Release|Any CPU
	EndGlobalSection
	GlobalSection(ProjectConfigurationPlatforms) = postSolution
		{A76DCC82-1C1E-46C5-BB83-91EFC04841B3}.Debug|Any CPU.ActiveCfg = Debug|Any CPU
		{A76DCC82-1C1E-46C5-BB83-91EFC04841B3}.Debug|Any CPU.Build.0 = Debug|Any CPU
		{A76DCC82-1C1E-46C5-BB83-91EFC04841B3}.Release|Any CPU.ActiveCfg = Release|Any CPU
		{A76DCC82-1C1E-46C5-BB83-91EFC04841B3}.Release|Any CPU.Build.0 = Release|Any CPU
		{42DEB24D-4031-46C6-B07E-84DE1DA0ABCC}.Debug|Any CPU.ActiveCfg = Debug|Any CPU
		{42DEB24D-4031-46C6-B07E-84DE1DA0ABCC}.Debug|Any CPU.Build.0 = Debug|Any CPU
		{42DEB24D-4031-46C6-B07E-84DE1DA0ABCC}.Release|Any CPU.ActiveCfg = Release|Any CPU
		{42DEB24D-4031-46C6-B07E-84DE1DA0ABCC}.Release|Any CPU.Build.0 = Release|Any CPU
		{3878B6FA-BDF4-4DD9-9BA6-E92C72085913}.Debug|Any CPU.ActiveCfg = Debug|Any CPU
		{3878B6FA-BDF4-4DD9-9BA6-E92C72085913}.Debug|Any CPU.Build.0 = Debug|Any CPU
		{3878B6FA-BDF4-4DD9-9BA6-E92C72085913}.Release|Any CPU.ActiveCfg = Release|Any CPU
		{3878B6FA-BDF4-4DD9-9BA6-E92C72085913}.Release|Any CPU.Build.0 = Release|Any CPU
		{5BABBEB2-49FF-4FF5-8022-D3E131749DC2}.Debug|Any CPU.ActiveCfg = Debug|Any CPU
		{5BABBEB2-49FF-4FF5-8022-D3E131749DC2}.Debug|Any CPU.Build.0 = Debug|Any CPU
		{5BABBEB2-49FF-4FF5-8022-D3E131749DC2}.Release|Any CPU.ActiveCfg = Release|Any CPU
		{5BABBEB2-49FF-4FF5-8022-D3E131749DC2}.Release|Any CPU.Build.0 = Release|Any CPU
		{84195E8C-C6F1-4419-A576-E6DC33EAE708}.Debug|Any CPU.ActiveCfg = Debug|Any CPU
		{84195E8C-C6F1-4419-A576-E6DC33EAE708}.Debug|Any CPU.Build.0 = Debug|Any CPU
		{84195E8C-C6F1-4419-A576-E6DC33EAE708}.Release|Any CPU.ActiveCfg = Release|Any CPU
		{84195E8C-C6F1-4419-A576-E6DC33EAE708}.Release|Any CPU.Build.0 = Release|Any CPU
		{937391C5-92C9-4B17-BBCF-D80E1E97A776}.Debug|Any CPU.ActiveCfg = Debug|Any CPU
		{937391C5-92C9-4B17-BBCF-D80E1E97A776}.Debug|Any CPU.Build.0 = Debug|Any CPU
		{937391C5-92C9-4B17-BBCF-D80E1E97A776}.Release|Any CPU.ActiveCfg = Release|Any CPU
		{937391C5-92C9-4B17-BBCF-D80E1E97A776}.Release|Any CPU.Build.0 = Release|Any CPU
		{645DD0C5-B670-4C8F-8EEC-D18A72B47234}.Debug|Any CPU.ActiveCfg = Debug|Any CPU
		{645DD0C5-B670-4C8F-8EEC-D18A72B47234}.Debug|Any CPU.Build.0 = Debug|Any CPU
		{645DD0C5-B670-4C8F-8EEC-D18A72B47234}.Release|Any CPU.ActiveCfg = Release|Any CPU
		{645DD0C5-B670-4C8F-8EEC-D18A72B47234}.Release|Any CPU.Build.0 = Release|Any CPU
		{6BB1BB3D-FECC-482D-B610-21E9AC7EA793}.Debug|Any CPU.ActiveCfg = Debug|Any CPU
		{6BB1BB3D-FECC-482D-B610-21E9AC7EA793}.Debug|Any CPU.Build.0 = Debug|Any CPU
		{6BB1BB3D-FECC-482D-B610-21E9AC7EA793}.Release|Any CPU.ActiveCfg = Release|Any CPU
		{6BB1BB3D-FECC-482D-B610-21E9AC7EA793}.Release|Any CPU.Build.0 = Release|Any CPU
		{413F0984-B043-4647-9D04-F9B23D6BCA91}.Debug|Any CPU.ActiveCfg = Debug|Any CPU
		{413F0984-B043-4647-9D04-F9B23D6BCA91}.Debug|Any CPU.Build.0 = Debug|Any CPU
		{413F0984-B043-4647-9D04-F9B23D6BCA91}.Release|Any CPU.ActiveCfg = Release|Any CPU
		{413F0984-B043-4647-9D04-F9B23D6BCA91}.Release|Any CPU.Build.0 = Release|Any CPU
		{A5867D8D-17B1-48BF-BD93-D343A8CBCAAA}.Debug|Any CPU.ActiveCfg = Debug|Any CPU
		{A5867D8D-17B1-48BF-BD93-D343A8CBCAAA}.Debug|Any CPU.Build.0 = Debug|Any CPU
		{A5867D8D-17B1-48BF-BD93-D343A8CBCAAA}.Release|Any CPU.ActiveCfg = Release|Any CPU
		{A5867D8D-17B1-48BF-BD93-D343A8CBCAAA}.Release|Any CPU.Build.0 = Release|Any CPU
		{933ED1B0-B430-476E-B6D4-D2994FB7DFA0}.Debug|Any CPU.ActiveCfg = Debug|Any CPU
		{933ED1B0-B430-476E-B6D4-D2994FB7DFA0}.Debug|Any CPU.Build.0 = Debug|Any CPU
		{933ED1B0-B430-476E-B6D4-D2994FB7DFA0}.Release|Any CPU.ActiveCfg = Release|Any CPU
		{933ED1B0-B430-476E-B6D4-D2994FB7DFA0}.Release|Any CPU.Build.0 = Release|Any CPU
		{4B9E868C-34C6-4303-8563-B890B9CE48EE}.Debug|Any CPU.ActiveCfg = Debug|Any CPU
		{4B9E868C-34C6-4303-8563-B890B9CE48EE}.Debug|Any CPU.Build.0 = Debug|Any CPU
		{4B9E868C-34C6-4303-8563-B890B9CE48EE}.Release|Any CPU.ActiveCfg = Release|Any CPU
		{4B9E868C-34C6-4303-8563-B890B9CE48EE}.Release|Any CPU.Build.0 = Release|Any CPU
		{15EDABA1-5735-4B26-9DAC-68CB89828549}.Debug|Any CPU.ActiveCfg = Debug|Any CPU
		{15EDABA1-5735-4B26-9DAC-68CB89828549}.Debug|Any CPU.Build.0 = Debug|Any CPU
		{15EDABA1-5735-4B26-9DAC-68CB89828549}.Release|Any CPU.ActiveCfg = Release|Any CPU
		{15EDABA1-5735-4B26-9DAC-68CB89828549}.Release|Any CPU.Build.0 = Release|Any CPU
		{B8C47301-0103-42ED-8370-F8FAAF46DB24}.Debug|Any CPU.ActiveCfg = Debug|Any CPU
		{B8C47301-0103-42ED-8370-F8FAAF46DB24}.Debug|Any CPU.Build.0 = Debug|Any CPU
		{B8C47301-0103-42ED-8370-F8FAAF46DB24}.Release|Any CPU.ActiveCfg = Release|Any CPU
		{B8C47301-0103-42ED-8370-F8FAAF46DB24}.Release|Any CPU.Build.0 = Release|Any CPU
		{C8D36737-FAB3-48A4-B34B-4D8671040E62}.Debug|Any CPU.ActiveCfg = Debug|Any CPU
		{C8D36737-FAB3-48A4-B34B-4D8671040E62}.Debug|Any CPU.Build.0 = Debug|Any CPU
		{C8D36737-FAB3-48A4-B34B-4D8671040E62}.Release|Any CPU.ActiveCfg = Release|Any CPU
		{C8D36737-FAB3-48A4-B34B-4D8671040E62}.Release|Any CPU.Build.0 = Release|Any CPU
		{DEEE4B4A-7F62-45E4-A5DD-3CDE0CF606EB}.Debug|Any CPU.ActiveCfg = Debug|Any CPU
		{DEEE4B4A-7F62-45E4-A5DD-3CDE0CF606EB}.Debug|Any CPU.Build.0 = Debug|Any CPU
		{DEEE4B4A-7F62-45E4-A5DD-3CDE0CF606EB}.Release|Any CPU.ActiveCfg = Release|Any CPU
		{DEEE4B4A-7F62-45E4-A5DD-3CDE0CF606EB}.Release|Any CPU.Build.0 = Release|Any CPU
		{22ED4A2B-530E-4BE6-90DD-7CC9B426CB3B}.Debug|Any CPU.ActiveCfg = Debug|Any CPU
		{22ED4A2B-530E-4BE6-90DD-7CC9B426CB3B}.Debug|Any CPU.Build.0 = Debug|Any CPU
		{22ED4A2B-530E-4BE6-90DD-7CC9B426CB3B}.Release|Any CPU.ActiveCfg = Release|Any CPU
		{22ED4A2B-530E-4BE6-90DD-7CC9B426CB3B}.Release|Any CPU.Build.0 = Release|Any CPU
		{9464339E-E473-41D1-9EC8-B4647775AA04}.Debug|Any CPU.ActiveCfg = Debug|Any CPU
		{9464339E-E473-41D1-9EC8-B4647775AA04}.Debug|Any CPU.Build.0 = Debug|Any CPU
		{9464339E-E473-41D1-9EC8-B4647775AA04}.Release|Any CPU.ActiveCfg = Release|Any CPU
		{9464339E-E473-41D1-9EC8-B4647775AA04}.Release|Any CPU.Build.0 = Release|Any CPU
		{19E99E81-F009-4C0F-8F83-CE8556F349B7}.Debug|Any CPU.ActiveCfg = Debug|Any CPU
		{19E99E81-F009-4C0F-8F83-CE8556F349B7}.Debug|Any CPU.Build.0 = Debug|Any CPU
		{19E99E81-F009-4C0F-8F83-CE8556F349B7}.Release|Any CPU.ActiveCfg = Release|Any CPU
		{19E99E81-F009-4C0F-8F83-CE8556F349B7}.Release|Any CPU.Build.0 = Release|Any CPU
		{D2253546-3926-41EA-AD2D-B99CD64DFF4D}.Debug|Any CPU.ActiveCfg = Debug|Any CPU
		{D2253546-3926-41EA-AD2D-B99CD64DFF4D}.Debug|Any CPU.Build.0 = Debug|Any CPU
		{D2253546-3926-41EA-AD2D-B99CD64DFF4D}.Release|Any CPU.ActiveCfg = Release|Any CPU
		{D2253546-3926-41EA-AD2D-B99CD64DFF4D}.Release|Any CPU.Build.0 = Release|Any CPU
		{2B647C06-149F-4707-8585-C0D00FABDA3C}.Debug|Any CPU.ActiveCfg = Debug|Any CPU
		{2B647C06-149F-4707-8585-C0D00FABDA3C}.Debug|Any CPU.Build.0 = Debug|Any CPU
		{2B647C06-149F-4707-8585-C0D00FABDA3C}.Release|Any CPU.ActiveCfg = Release|Any CPU
		{2B647C06-149F-4707-8585-C0D00FABDA3C}.Release|Any CPU.Build.0 = Release|Any CPU
		{6434EF65-ECB5-42E2-8E87-DFE12CF791EA}.Debug|Any CPU.ActiveCfg = Debug|Any CPU
		{6434EF65-ECB5-42E2-8E87-DFE12CF791EA}.Debug|Any CPU.Build.0 = Debug|Any CPU
		{6434EF65-ECB5-42E2-8E87-DFE12CF791EA}.Release|Any CPU.ActiveCfg = Release|Any CPU
		{6434EF65-ECB5-42E2-8E87-DFE12CF791EA}.Release|Any CPU.Build.0 = Release|Any CPU
		{45BE8F93-8734-478D-95FA-299704BA537E}.Debug|Any CPU.ActiveCfg = Debug|Any CPU
		{45BE8F93-8734-478D-95FA-299704BA537E}.Debug|Any CPU.Build.0 = Debug|Any CPU
		{45BE8F93-8734-478D-95FA-299704BA537E}.Release|Any CPU.ActiveCfg = Release|Any CPU
		{45BE8F93-8734-478D-95FA-299704BA537E}.Release|Any CPU.Build.0 = Release|Any CPU
		{36D69EF2-5CD9-4BF8-BF89-9832B2EC47D6}.Debug|Any CPU.ActiveCfg = Debug|Any CPU
		{36D69EF2-5CD9-4BF8-BF89-9832B2EC47D6}.Debug|Any CPU.Build.0 = Debug|Any CPU
		{36D69EF2-5CD9-4BF8-BF89-9832B2EC47D6}.Release|Any CPU.ActiveCfg = Release|Any CPU
		{36D69EF2-5CD9-4BF8-BF89-9832B2EC47D6}.Release|Any CPU.Build.0 = Release|Any CPU
		{288FBFD5-5AC3-4D33-A6B9-FA7DDE81686C}.Debug|Any CPU.ActiveCfg = Debug|Any CPU
		{288FBFD5-5AC3-4D33-A6B9-FA7DDE81686C}.Debug|Any CPU.Build.0 = Debug|Any CPU
		{288FBFD5-5AC3-4D33-A6B9-FA7DDE81686C}.Release|Any CPU.ActiveCfg = Release|Any CPU
		{288FBFD5-5AC3-4D33-A6B9-FA7DDE81686C}.Release|Any CPU.Build.0 = Release|Any CPU
		{E72103F8-95A4-4CB6-8360-D642EDEC8920}.Debug|Any CPU.ActiveCfg = Debug|Any CPU
		{E72103F8-95A4-4CB6-8360-D642EDEC8920}.Debug|Any CPU.Build.0 = Debug|Any CPU
		{E72103F8-95A4-4CB6-8360-D642EDEC8920}.Release|Any CPU.ActiveCfg = Release|Any CPU
		{E72103F8-95A4-4CB6-8360-D642EDEC8920}.Release|Any CPU.Build.0 = Release|Any CPU
		{C67A6BF6-23FF-4CF1-80E3-146A1959CA4B}.Debug|Any CPU.ActiveCfg = Debug|Any CPU
		{C67A6BF6-23FF-4CF1-80E3-146A1959CA4B}.Debug|Any CPU.Build.0 = Debug|Any CPU
		{C67A6BF6-23FF-4CF1-80E3-146A1959CA4B}.Release|Any CPU.ActiveCfg = Release|Any CPU
		{C67A6BF6-23FF-4CF1-80E3-146A1959CA4B}.Release|Any CPU.Build.0 = Release|Any CPU
		{415B7DAA-4236-4092-B5F8-820A4176B40A}.Debug|Any CPU.ActiveCfg = Debug|Any CPU
		{415B7DAA-4236-4092-B5F8-820A4176B40A}.Debug|Any CPU.Build.0 = Debug|Any CPU
		{415B7DAA-4236-4092-B5F8-820A4176B40A}.Release|Any CPU.ActiveCfg = Release|Any CPU
		{415B7DAA-4236-4092-B5F8-820A4176B40A}.Release|Any CPU.Build.0 = Release|Any CPU
		{E2462D8D-3F3A-4738-BEED-0E91430AFD60}.Debug|Any CPU.ActiveCfg = Debug|Any CPU
		{E2462D8D-3F3A-4738-BEED-0E91430AFD60}.Debug|Any CPU.Build.0 = Debug|Any CPU
		{E2462D8D-3F3A-4738-BEED-0E91430AFD60}.Release|Any CPU.ActiveCfg = Release|Any CPU
		{E2462D8D-3F3A-4738-BEED-0E91430AFD60}.Release|Any CPU.Build.0 = Release|Any CPU
		{AB9CB390-5B81-44EB-B264-748F05701076}.Debug|Any CPU.ActiveCfg = Debug|Any CPU
		{AB9CB390-5B81-44EB-B264-748F05701076}.Debug|Any CPU.Build.0 = Debug|Any CPU
		{AB9CB390-5B81-44EB-B264-748F05701076}.Release|Any CPU.ActiveCfg = Release|Any CPU
		{AB9CB390-5B81-44EB-B264-748F05701076}.Release|Any CPU.Build.0 = Release|Any CPU
		{A84B9C84-453E-437D-80CA-BFAFAE80562D}.Debug|Any CPU.ActiveCfg = Debug|Any CPU
		{A84B9C84-453E-437D-80CA-BFAFAE80562D}.Debug|Any CPU.Build.0 = Debug|Any CPU
		{A84B9C84-453E-437D-80CA-BFAFAE80562D}.Release|Any CPU.ActiveCfg = Release|Any CPU
		{A84B9C84-453E-437D-80CA-BFAFAE80562D}.Release|Any CPU.Build.0 = Release|Any CPU
		{02BB66DF-9953-4884-871F-BD0BEE730BD5}.Debug|Any CPU.ActiveCfg = Debug|Any CPU
		{02BB66DF-9953-4884-871F-BD0BEE730BD5}.Debug|Any CPU.Build.0 = Debug|Any CPU
		{02BB66DF-9953-4884-871F-BD0BEE730BD5}.Release|Any CPU.ActiveCfg = Release|Any CPU
		{02BB66DF-9953-4884-871F-BD0BEE730BD5}.Release|Any CPU.Build.0 = Release|Any CPU
		{AB10F986-0CB8-4546-84BB-77E6AC717DBF}.Debug|Any CPU.ActiveCfg = Debug|Any CPU
		{AB10F986-0CB8-4546-84BB-77E6AC717DBF}.Debug|Any CPU.Build.0 = Debug|Any CPU
		{AB10F986-0CB8-4546-84BB-77E6AC717DBF}.Release|Any CPU.ActiveCfg = Release|Any CPU
		{AB10F986-0CB8-4546-84BB-77E6AC717DBF}.Release|Any CPU.Build.0 = Release|Any CPU
		{756EC169-862C-4E6A-AACA-26A1F4C7BD30}.Debug|Any CPU.ActiveCfg = Debug|Any CPU
		{756EC169-862C-4E6A-AACA-26A1F4C7BD30}.Debug|Any CPU.Build.0 = Debug|Any CPU
		{756EC169-862C-4E6A-AACA-26A1F4C7BD30}.Release|Any CPU.ActiveCfg = Release|Any CPU
		{756EC169-862C-4E6A-AACA-26A1F4C7BD30}.Release|Any CPU.Build.0 = Release|Any CPU
		{5E86C9E6-A981-4107-AEAF-8FC183329F87}.Debug|Any CPU.ActiveCfg = Debug|Any CPU
		{5E86C9E6-A981-4107-AEAF-8FC183329F87}.Debug|Any CPU.Build.0 = Debug|Any CPU
		{5E86C9E6-A981-4107-AEAF-8FC183329F87}.Release|Any CPU.ActiveCfg = Release|Any CPU
		{5E86C9E6-A981-4107-AEAF-8FC183329F87}.Release|Any CPU.Build.0 = Release|Any CPU
		{ACB17821-6644-43EA-8471-D1645CEB2E5F}.Debug|Any CPU.ActiveCfg = Debug|Any CPU
		{ACB17821-6644-43EA-8471-D1645CEB2E5F}.Debug|Any CPU.Build.0 = Debug|Any CPU
		{ACB17821-6644-43EA-8471-D1645CEB2E5F}.Release|Any CPU.ActiveCfg = Release|Any CPU
		{ACB17821-6644-43EA-8471-D1645CEB2E5F}.Release|Any CPU.Build.0 = Release|Any CPU
	EndGlobalSection
	GlobalSection(SolutionProperties) = preSolution
		HideSolutionNode = FALSE
	EndGlobalSection
	GlobalSection(ExtensibilityGlobals) = postSolution
		SolutionGuid = {B2ECC82E-BFD5-41F0-86D0-DE98C357F7BA}
	EndGlobalSection
EndGlobal
